
Microsoft Visual Studio Solution File, Format Version 12.00
# Visual Studio Version 17
VisualStudioVersion = 17.14.36301.6
MinimumVisualStudioVersion = 10.0.40219.1
Project("{FAE04EC0-301F-11D3-BF4B-00C04F79EFBC}") = "Scanner", "SExpressions\Scanner.csproj", "{68AFC80D-B98E-42D2-8425-563984E5AF88}"
EndProject
Project("{FAE04EC0-301F-11D3-BF4B-00C04F79EFBC}") = "SExpression.Core", "SExpression.Core\SExpression.Core.csproj", "{066F4505-6E38-4926-BE08-07161BB4E167}"
EndProject
Project("{2150E333-8FDC-42A3-9474-1A3956D46DE8}") = "Tests", "Tests", "{02EA681E-C7D8-13C7-8484-4AC65E1B71E8}"
EndProject
Project("{FAE04EC0-301F-11D3-BF4B-00C04F79EFBC}") = "Compiler.Tests", "Scanner.Tests\Compiler.Tests.csproj", "{626692B4-FCA8-4866-B00B-5260606DFBF5}"
EndProject
Project("{FAE04EC0-301F-11D3-BF4B-00C04F79EFBC}") = "SExpression.Parsing", "SExpression.Parsing\SExpression.Parsing.csproj", "{E8B31BCB-D6FB-4E4D-B0E8-402CCFB1EDEA}"
EndProject
Global
	GlobalSection(SolutionConfigurationPlatforms) = preSolution
		Debug|Any CPU = Debug|Any CPU
		Release|Any CPU = Release|Any CPU
	EndGlobalSection
	GlobalSection(ProjectConfigurationPlatforms) = postSolution
		{68AFC80D-B98E-42D2-8425-563984E5AF88}.Debug|Any CPU.ActiveCfg = Debug|Any CPU
		{68AFC80D-B98E-42D2-8425-563984E5AF88}.Debug|Any CPU.Build.0 = Debug|Any CPU
		{68AFC80D-B98E-42D2-8425-563984E5AF88}.Release|Any CPU.ActiveCfg = Release|Any CPU
		{68AFC80D-B98E-42D2-8425-563984E5AF88}.Release|Any CPU.Build.0 = Release|Any CPU
		{066F4505-6E38-4926-BE08-07161BB4E167}.Debug|Any CPU.ActiveCfg = Debug|Any CPU
		{066F4505-6E38-4926-BE08-07161BB4E167}.Debug|Any CPU.Build.0 = Debug|Any CPU
		{066F4505-6E38-4926-BE08-07161BB4E167}.Release|Any CPU.ActiveCfg = Release|Any CPU
		{066F4505-6E38-4926-BE08-07161BB4E167}.Release|Any CPU.Build.0 = Release|Any CPU
		{626692B4-FCA8-4866-B00B-5260606DFBF5}.Debug|Any CPU.ActiveCfg = Debug|Any CPU
		{626692B4-FCA8-4866-B00B-5260606DFBF5}.Debug|Any CPU.Build.0 = Debug|Any CPU
		{626692B4-FCA8-4866-B00B-5260606DFBF5}.Release|Any CPU.ActiveCfg = Release|Any CPU
		{626692B4-FCA8-4866-B00B-5260606DFBF5}.Release|Any CPU.Build.0 = Release|Any CPU
		{E8B31BCB-D6FB-4E4D-B0E8-402CCFB1EDEA}.Debug|Any CPU.ActiveCfg = Debug|Any CPU
		{E8B31BCB-D6FB-4E4D-B0E8-402CCFB1EDEA}.Debug|Any CPU.Build.0 = Debug|Any CPU
		{E8B31BCB-D6FB-4E4D-B0E8-402CCFB1EDEA}.Release|Any CPU.ActiveCfg = Release|Any CPU
		{E8B31BCB-D6FB-4E4D-B0E8-402CCFB1EDEA}.Release|Any CPU.Build.0 = Release|Any CPU
	EndGlobalSection
	GlobalSection(SolutionProperties) = preSolution
		HideSolutionNode = FALSE
	EndGlobalSection
	GlobalSection(NestedProjects) = preSolution
		{626692B4-FCA8-4866-B00B-5260606DFBF5} = {02EA681E-C7D8-13C7-8484-4AC65E1B71E8}
	EndGlobalSection
	GlobalSection(ExtensibilityGlobals) = postSolution
		SolutionGuid = {7F5277B7-02D9-4121-B80D-099FB9ABC725}
	EndGlobalSection
EndGlobal
